
Microsoft Visual Studio Solution File, Format Version 12.00
# Visual Studio Version 16
VisualStudioVersion = 16.0.28922.388
MinimumVisualStudioVersion = 10.0.40219.1
Project("{FAE04EC0-301F-11D3-BF4B-00C04F79EFBC}") = "BenchmarkExamples", "BenchmarkExamples\BenchmarkExamples.csproj", "{83B3EA15-14D4-4645-BC56-B6F1B41F86F1}"
EndProject
Global
	GlobalSection(SolutionConfigurationPlatforms) = preSolution
		Debug|Any CPU = Debug|Any CPU
		Release|Any CPU = Release|Any CPU
	EndGlobalSection
	GlobalSection(ProjectConfigurationPlatforms) = postSolution
		{83B3EA15-14D4-4645-BC56-B6F1B41F86F1}.Debug|Any CPU.ActiveCfg = Debug|Any CPU
		{83B3EA15-14D4-4645-BC56-B6F1B41F86F1}.Debug|Any CPU.Build.0 = Debug|Any CPU
		{83B3EA15-14D4-4645-BC56-B6F1B41F86F1}.Release|Any CPU.ActiveCfg = Release|Any CPU
		{83B3EA15-14D4-4645-BC56-B6F1B41F86F1}.Release|Any CPU.Build.0 = Release|Any CPU
	EndGlobalSection
	GlobalSection(SolutionProperties) = preSolution
		HideSolutionNode = FALSE
	EndGlobalSection
	GlobalSection(ExtensibilityGlobals) = postSolution
		SolutionGuid = {A1F0554C-C58B-4D57-8DC4-EB274A7B21B8}
	EndGlobalSection
EndGlobal
